// !$*UTF8*$!
{
	archiveVersion = 1;
	classes = {
	};
	objectVersion = 56;
	objects = {

/* Begin PBXBuildFile section */
		F080A80F2A93F936001050F8 /* TestProject1221SystemsApp.swift in Sources */ = {isa = PBXBuildFile; fileRef = F080A80E2A93F936001050F8 /* TestProject1221SystemsApp.swift */; };
		F080A8112A93F936001050F8 /* ContentView.swift in Sources */ = {isa = PBXBuildFile; fileRef = F080A8102A93F936001050F8 /* ContentView.swift */; };
		F080A8132A93F938001050F8 /* Assets.xcassets in Resources */ = {isa = PBXBuildFile; fileRef = F080A8122A93F938001050F8 /* Assets.xcassets */; };
		F080A8162A93F938001050F8 /* Preview Assets.xcassets in Resources */ = {isa = PBXBuildFile; fileRef = F080A8152A93F938001050F8 /* Preview Assets.xcassets */; };
		F080A81D2A93F948001050F8 /* SearchBarView.swift in Sources */ = {isa = PBXBuildFile; fileRef = F080A81C2A93F948001050F8 /* SearchBarView.swift */; };
		F080A82E2A94247A001050F8 /* HistoryView.swift in Sources */ = {isa = PBXBuildFile; fileRef = F080A82D2A94247A001050F8 /* HistoryView.swift */; };
		F080A8302A94252E001050F8 /* HistoryItemView.swift in Sources */ = {isa = PBXBuildFile; fileRef = F080A82F2A94252E001050F8 /* HistoryItemView.swift */; };
		F080A8322A94281B001050F8 /* HistoryModel.swift in Sources */ = {isa = PBXBuildFile; fileRef = F080A8312A94281B001050F8 /* HistoryModel.swift */; };
		F080A8352A942A83001050F8 /* PromoView.swift in Sources */ = {isa = PBXBuildFile; fileRef = F080A8342A942A83001050F8 /* PromoView.swift */; };
		F080A8372A942A90001050F8 /* PromoItemView.swift in Sources */ = {isa = PBXBuildFile; fileRef = F080A8362A942A90001050F8 /* PromoItemView.swift */; };
		F080A8392A942AD1001050F8 /* PromoModel.swift in Sources */ = {isa = PBXBuildFile; fileRef = F080A8382A942AD1001050F8 /* PromoModel.swift */; };
		F080A83C2A943001001050F8 /* BonusesView.swift in Sources */ = {isa = PBXBuildFile; fileRef = F080A83B2A943001001050F8 /* BonusesView.swift */; };
		F080A83E2A943013001050F8 /* BonusItemView.swift in Sources */ = {isa = PBXBuildFile; fileRef = F080A83D2A943013001050F8 /* BonusItemView.swift */; };
		F080A8422A943249001050F8 /* BonusModel.swift in Sources */ = {isa = PBXBuildFile; fileRef = F080A8412A943249001050F8 /* BonusModel.swift */; };
		F080A8442A94393C001050F8 /* HomeView.swift in Sources */ = {isa = PBXBuildFile; fileRef = F080A8432A94393C001050F8 /* HomeView.swift */; };
		F080A8462A94394C001050F8 /* CatalogueView.swift in Sources */ = {isa = PBXBuildFile; fileRef = F080A8452A94394C001050F8 /* CatalogueView.swift */; };
		F080A8482A94395E001050F8 /* CartView.swift in Sources */ = {isa = PBXBuildFile; fileRef = F080A8472A94395E001050F8 /* CartView.swift */; };
		F080A84A2A943968001050F8 /* ProfileView.swift in Sources */ = {isa = PBXBuildFile; fileRef = F080A8492A943968001050F8 /* ProfileView.swift */; };
		F080A84D2A943DB2001050F8 /* ProductCatalogueView.swift in Sources */ = {isa = PBXBuildFile; fileRef = F080A84C2A943DB2001050F8 /* ProductCatalogueView.swift */; };
		F080A84F2A943DC6001050F8 /* ProductCatalogueViewItem.swift in Sources */ = {isa = PBXBuildFile; fileRef = F080A84E2A943DC6001050F8 /* ProductCatalogueViewItem.swift */; };
		F080A8512A943ED1001050F8 /* ProductCatalogueItemModel.swift in Sources */ = {isa = PBXBuildFile; fileRef = F080A8502A943ED1001050F8 /* ProductCatalogueItemModel.swift */; };
		F080A8542A94484D001050F8 /* TestData.swift in Sources */ = {isa = PBXBuildFile; fileRef = F080A8532A94484C001050F8 /* TestData.swift */; };
/* End PBXBuildFile section */

/* Begin PBXFileReference section */
		F080A80B2A93F936001050F8 /* TestProject1221Systems.app */ = {isa = PBXFileReference; explicitFileType = wrapper.application; includeInIndex = 0; path = TestProject1221Systems.app; sourceTree = BUILT_PRODUCTS_DIR; };
		F080A80E2A93F936001050F8 /* TestProject1221SystemsApp.swift */ = {isa = PBXFileReference; lastKnownFileType = sourcecode.swift; path = TestProject1221SystemsApp.swift; sourceTree = "<group>"; };
		F080A8102A93F936001050F8 /* ContentView.swift */ = {isa = PBXFileReference; lastKnownFileType = sourcecode.swift; path = ContentView.swift; sourceTree = "<group>"; };
		F080A8122A93F938001050F8 /* Assets.xcassets */ = {isa = PBXFileReference; lastKnownFileType = folder.assetcatalog; path = Assets.xcassets; sourceTree = "<group>"; };
		F080A8152A93F938001050F8 /* Preview Assets.xcassets */ = {isa = PBXFileReference; lastKnownFileType = folder.assetcatalog; path = "Preview Assets.xcassets"; sourceTree = "<group>"; };
		F080A81C2A93F948001050F8 /* SearchBarView.swift */ = {isa = PBXFileReference; lastKnownFileType = sourcecode.swift; path = SearchBarView.swift; sourceTree = "<group>"; };
		F080A82D2A94247A001050F8 /* HistoryView.swift */ = {isa = PBXFileReference; lastKnownFileType = sourcecode.swift; path = HistoryView.swift; sourceTree = "<group>"; };
		F080A82F2A94252E001050F8 /* HistoryItemView.swift */ = {isa = PBXFileReference; lastKnownFileType = sourcecode.swift; path = HistoryItemView.swift; sourceTree = "<group>"; };
		F080A8312A94281B001050F8 /* HistoryModel.swift */ = {isa = PBXFileReference; lastKnownFileType = sourcecode.swift; path = HistoryModel.swift; sourceTree = "<group>"; };
		F080A8342A942A83001050F8 /* PromoView.swift */ = {isa = PBXFileReference; lastKnownFileType = sourcecode.swift; path = PromoView.swift; sourceTree = "<group>"; };
		F080A8362A942A90001050F8 /* PromoItemView.swift */ = {isa = PBXFileReference; lastKnownFileType = sourcecode.swift; path = PromoItemView.swift; sourceTree = "<group>"; };
		F080A8382A942AD1001050F8 /* PromoModel.swift */ = {isa = PBXFileReference; lastKnownFileType = sourcecode.swift; path = PromoModel.swift; sourceTree = "<group>"; };
		F080A83B2A943001001050F8 /* BonusesView.swift */ = {isa = PBXFileReference; lastKnownFileType = sourcecode.swift; path = BonusesView.swift; sourceTree = "<group>"; };
		F080A83D2A943013001050F8 /* BonusItemView.swift */ = {isa = PBXFileReference; lastKnownFileType = sourcecode.swift; path = BonusItemView.swift; sourceTree = "<group>"; };
		F080A8412A943249001050F8 /* BonusModel.swift */ = {isa = PBXFileReference; lastKnownFileType = sourcecode.swift; path = BonusModel.swift; sourceTree = "<group>"; };
		F080A8432A94393C001050F8 /* HomeView.swift */ = {isa = PBXFileReference; lastKnownFileType = sourcecode.swift; path = HomeView.swift; sourceTree = "<group>"; };
		F080A8452A94394C001050F8 /* CatalogueView.swift */ = {isa = PBXFileReference; lastKnownFileType = sourcecode.swift; path = CatalogueView.swift; sourceTree = "<group>"; };
		F080A8472A94395E001050F8 /* CartView.swift */ = {isa = PBXFileReference; lastKnownFileType = sourcecode.swift; path = CartView.swift; sourceTree = "<group>"; };
		F080A8492A943968001050F8 /* ProfileView.swift */ = {isa = PBXFileReference; lastKnownFileType = sourcecode.swift; path = ProfileView.swift; sourceTree = "<group>"; };
		F080A84C2A943DB2001050F8 /* ProductCatalogueView.swift */ = {isa = PBXFileReference; lastKnownFileType = sourcecode.swift; path = ProductCatalogueView.swift; sourceTree = "<group>"; };
		F080A84E2A943DC6001050F8 /* ProductCatalogueViewItem.swift */ = {isa = PBXFileReference; lastKnownFileType = sourcecode.swift; path = ProductCatalogueViewItem.swift; sourceTree = "<group>"; };
		F080A8502A943ED1001050F8 /* ProductCatalogueItemModel.swift */ = {isa = PBXFileReference; lastKnownFileType = sourcecode.swift; path = ProductCatalogueItemModel.swift; sourceTree = "<group>"; };
		F080A8532A94484C001050F8 /* TestData.swift */ = {isa = PBXFileReference; lastKnownFileType = sourcecode.swift; path = TestData.swift; sourceTree = "<group>"; };
/* End PBXFileReference section */

/* Begin PBXFrameworksBuildPhase section */
		F080A8082A93F936001050F8 /* Frameworks */ = {
			isa = PBXFrameworksBuildPhase;
			buildActionMask = 2147483647;
			files = (
			);
			runOnlyForDeploymentPostprocessing = 0;
		};
/* End PBXFrameworksBuildPhase section */

/* Begin PBXGroup section */
		F080A8022A93F936001050F8 = {
			isa = PBXGroup;
			children = (
				F080A80D2A93F936001050F8 /* TestProject1221Systems */,
				F080A80C2A93F936001050F8 /* Products */,
			);
			sourceTree = "<group>";
		};
		F080A80C2A93F936001050F8 /* Products */ = {
			isa = PBXGroup;
			children = (
				F080A80B2A93F936001050F8 /* TestProject1221Systems.app */,
			);
			name = Products;
			sourceTree = "<group>";
		};
		F080A80D2A93F936001050F8 /* TestProject1221Systems */ = {
			isa = PBXGroup;
			children = (
				F080A8522A94483D001050F8 /* TestData */,
				F080A82B2A942392001050F8 /* Models */,
				F080A8282A942339001050F8 /* Views */,
				F080A80E2A93F936001050F8 /* TestProject1221SystemsApp.swift */,
				F080A8122A93F938001050F8 /* Assets.xcassets */,
				F080A8142A93F938001050F8 /* Preview Content */,
			);
			path = TestProject1221Systems;
			sourceTree = "<group>";
		};
		F080A8142A93F938001050F8 /* Preview Content */ = {
			isa = PBXGroup;
			children = (
				F080A8152A93F938001050F8 /* Preview Assets.xcassets */,
			);
			path = "Preview Content";
			sourceTree = "<group>";
		};
		F080A8282A942339001050F8 /* Views */ = {
			isa = PBXGroup;
			children = (
				F080A8102A93F936001050F8 /* ContentView.swift */,
				F080A8432A94393C001050F8 /* HomeView.swift */,
				F080A8452A94394C001050F8 /* CatalogueView.swift */,
				F080A8472A94395E001050F8 /* CartView.swift */,
				F080A8492A943968001050F8 /* ProfileView.swift */,
				F080A84B2A943D96001050F8 /* ProductCatalogueView */,
				F080A83A2A942FE9001050F8 /* BonusesView */,
				F080A8332A942A35001050F8 /* PromoViews */,
				F080A82C2A942461001050F8 /* HistoryViews */,
				F080A8292A942345001050F8 /* SearchBarViews */,
			);
			path = Views;
			sourceTree = "<group>";
		};
		F080A8292A942345001050F8 /* SearchBarViews */ = {
			isa = PBXGroup;
			children = (
				F080A81C2A93F948001050F8 /* SearchBarView.swift */,
			);
			path = SearchBarViews;
			sourceTree = "<group>";
		};
		F080A82B2A942392001050F8 /* Models */ = {
			isa = PBXGroup;
			children = (
				F080A8312A94281B001050F8 /* HistoryModel.swift */,
				F080A8382A942AD1001050F8 /* PromoModel.swift */,
				F080A8412A943249001050F8 /* BonusModel.swift */,
				F080A8502A943ED1001050F8 /* ProductCatalogueItemModel.swift */,
			);
			path = Models;
			sourceTree = "<group>";
		};
		F080A82C2A942461001050F8 /* HistoryViews */ = {
			isa = PBXGroup;
			children = (
				F080A82D2A94247A001050F8 /* HistoryView.swift */,
				F080A82F2A94252E001050F8 /* HistoryItemView.swift */,
			);
			path = HistoryViews;
			sourceTree = "<group>";
		};
		F080A8332A942A35001050F8 /* PromoViews */ = {
			isa = PBXGroup;
			children = (
				F080A8342A942A83001050F8 /* PromoView.swift */,
				F080A8362A942A90001050F8 /* PromoItemView.swift */,
			);
			path = PromoViews;
			sourceTree = "<group>";
		};
		F080A83A2A942FE9001050F8 /* BonusesView */ = {
			isa = PBXGroup;
			children = (
				F080A83B2A943001001050F8 /* BonusesView.swift */,
				F080A83D2A943013001050F8 /* BonusItemView.swift */,
			);
			path = BonusesView;
			sourceTree = "<group>";
		};
		F080A84B2A943D96001050F8 /* ProductCatalogueView */ = {
			isa = PBXGroup;
			children = (
				F080A84C2A943DB2001050F8 /* ProductCatalogueView.swift */,
				F080A84E2A943DC6001050F8 /* ProductCatalogueViewItem.swift */,
			);
			path = ProductCatalogueView;
			sourceTree = "<group>";
		};
		F080A8522A94483D001050F8 /* TestData */ = {
			isa = PBXGroup;
			children = (
				F080A8532A94484C001050F8 /* TestData.swift */,
			);
			path = TestData;
			sourceTree = "<group>";
		};
/* End PBXGroup section */

/* Begin PBXNativeTarget section */
		F080A80A2A93F936001050F8 /* TestProject1221Systems */ = {
			isa = PBXNativeTarget;
			buildConfigurationList = F080A8192A93F938001050F8 /* Build configuration list for PBXNativeTarget "TestProject1221Systems" */;
			buildPhases = (
				F080A8072A93F936001050F8 /* Sources */,
				F080A8082A93F936001050F8 /* Frameworks */,
				F080A8092A93F936001050F8 /* Resources */,
			);
			buildRules = (
			);
			dependencies = (
			);
			name = TestProject1221Systems;
			productName = TestProject1221Systems;
			productReference = F080A80B2A93F936001050F8 /* TestProject1221Systems.app */;
			productType = "com.apple.product-type.application";
		};
/* End PBXNativeTarget section */

/* Begin PBXProject section */
		F080A8032A93F936001050F8 /* Project object */ = {
			isa = PBXProject;
			attributes = {
				BuildIndependentTargetsInParallel = 1;
				LastSwiftUpdateCheck = 1430;
				LastUpgradeCheck = 1430;
				TargetAttributes = {
					F080A80A2A93F936001050F8 = {
						CreatedOnToolsVersion = 14.3.1;
					};
				};
			};
			buildConfigurationList = F080A8062A93F936001050F8 /* Build configuration list for PBXProject "TestProject1221Systems" */;
			compatibilityVersion = "Xcode 14.0";
			developmentRegion = en;
			hasScannedForEncodings = 0;
			knownRegions = (
				en,
				Base,
			);
			mainGroup = F080A8022A93F936001050F8;
			productRefGroup = F080A80C2A93F936001050F8 /* Products */;
			projectDirPath = "";
			projectRoot = "";
			targets = (
				F080A80A2A93F936001050F8 /* TestProject1221Systems */,
			);
		};
/* End PBXProject section */

/* Begin PBXResourcesBuildPhase section */
		F080A8092A93F936001050F8 /* Resources */ = {
			isa = PBXResourcesBuildPhase;
			buildActionMask = 2147483647;
			files = (
				F080A8162A93F938001050F8 /* Preview Assets.xcassets in Resources */,
				F080A8132A93F938001050F8 /* Assets.xcassets in Resources */,
			);
			runOnlyForDeploymentPostprocessing = 0;
		};
/* End PBXResourcesBuildPhase section */

/* Begin PBXSourcesBuildPhase section */
		F080A8072A93F936001050F8 /* Sources */ = {
			isa = PBXSourcesBuildPhase;
			buildActionMask = 2147483647;
			files = (
				F080A84F2A943DC6001050F8 /* ProductCatalogueViewItem.swift in Sources */,
				F080A8112A93F936001050F8 /* ContentView.swift in Sources */,
				F080A8542A94484D001050F8 /* TestData.swift in Sources */,
				F080A8302A94252E001050F8 /* HistoryItemView.swift in Sources */,
				F080A8422A943249001050F8 /* BonusModel.swift in Sources */,
				F080A8512A943ED1001050F8 /* ProductCatalogueItemModel.swift in Sources */,
				F080A81D2A93F948001050F8 /* SearchBarView.swift in Sources */,
				F080A84A2A943968001050F8 /* ProfileView.swift in Sources */,
				F080A8442A94393C001050F8 /* HomeView.swift in Sources */,
				F080A8322A94281B001050F8 /* HistoryModel.swift in Sources */,
				F080A83C2A943001001050F8 /* BonusesView.swift in Sources */,
				F080A8352A942A83001050F8 /* PromoView.swift in Sources */,
				F080A80F2A93F936001050F8 /* TestProject1221SystemsApp.swift in Sources */,
				F080A8392A942AD1001050F8 /* PromoModel.swift in Sources */,
				F080A84D2A943DB2001050F8 /* ProductCatalogueView.swift in Sources */,
				F080A8372A942A90001050F8 /* PromoItemView.swift in Sources */,
				F080A8462A94394C001050F8 /* CatalogueView.swift in Sources */,
				F080A82E2A94247A001050F8 /* HistoryView.swift in Sources */,
				F080A8482A94395E001050F8 /* CartView.swift in Sources */,
				F080A83E2A943013001050F8 /* BonusItemView.swift in Sources */,
			);
			runOnlyForDeploymentPostprocessing = 0;
		};
/* End PBXSourcesBuildPhase section */

/* Begin XCBuildConfiguration section */
		F080A8172A93F938001050F8 /* Debug */ = {
			isa = XCBuildConfiguration;
			buildSettings = {
				ALWAYS_SEARCH_USER_PATHS = NO;
				CLANG_ANALYZER_NONNULL = YES;
				CLANG_ANALYZER_NUMBER_OBJECT_CONVERSION = YES_AGGRESSIVE;
				CLANG_CXX_LANGUAGE_STANDARD = "gnu++20";
				CLANG_ENABLE_MODULES = YES;
				CLANG_ENABLE_OBJC_ARC = YES;
				CLANG_ENABLE_OBJC_WEAK = YES;
				CLANG_WARN_BLOCK_CAPTURE_AUTORELEASING = YES;
				CLANG_WARN_BOOL_CONVERSION = YES;
				CLANG_WARN_COMMA = YES;
				CLANG_WARN_CONSTANT_CONVERSION = YES;
				CLANG_WARN_DEPRECATED_OBJC_IMPLEMENTATIONS = YES;
				CLANG_WARN_DIRECT_OBJC_ISA_USAGE = YES_ERROR;
				CLANG_WARN_DOCUMENTATION_COMMENTS = YES;
				CLANG_WARN_EMPTY_BODY = YES;
				CLANG_WARN_ENUM_CONVERSION = YES;
				CLANG_WARN_INFINITE_RECURSION = YES;
				CLANG_WARN_INT_CONVERSION = YES;
				CLANG_WARN_NON_LITERAL_NULL_CONVERSION = YES;
				CLANG_WARN_OBJC_IMPLICIT_RETAIN_SELF = YES;
				CLANG_WARN_OBJC_LITERAL_CONVERSION = YES;
				CLANG_WARN_OBJC_ROOT_CLASS = YES_ERROR;
				CLANG_WARN_QUOTED_INCLUDE_IN_FRAMEWORK_HEADER = YES;
				CLANG_WARN_RANGE_LOOP_ANALYSIS = YES;
				CLANG_WARN_STRICT_PROTOTYPES = YES;
				CLANG_WARN_SUSPICIOUS_MOVE = YES;
				CLANG_WARN_UNGUARDED_AVAILABILITY = YES_AGGRESSIVE;
				CLANG_WARN_UNREACHABLE_CODE = YES;
				CLANG_WARN__DUPLICATE_METHOD_MATCH = YES;
				COPY_PHASE_STRIP = NO;
				DEBUG_INFORMATION_FORMAT = dwarf;
				ENABLE_STRICT_OBJC_MSGSEND = YES;
				ENABLE_TESTABILITY = YES;
				GCC_C_LANGUAGE_STANDARD = gnu11;
				GCC_DYNAMIC_NO_PIC = NO;
				GCC_NO_COMMON_BLOCKS = YES;
				GCC_OPTIMIZATION_LEVEL = 0;
				GCC_PREPROCESSOR_DEFINITIONS = (
					"DEBUG=1",
					"$(inherited)",
				);
				GCC_WARN_64_TO_32_BIT_CONVERSION = YES;
				GCC_WARN_ABOUT_RETURN_TYPE = YES_ERROR;
				GCC_WARN_UNDECLARED_SELECTOR = YES;
				GCC_WARN_UNINITIALIZED_AUTOS = YES_AGGRESSIVE;
				GCC_WARN_UNUSED_FUNCTION = YES;
				GCC_WARN_UNUSED_VARIABLE = YES;
				IPHONEOS_DEPLOYMENT_TARGET = 16.4;
				MTL_ENABLE_DEBUG_INFO = INCLUDE_SOURCE;
				MTL_FAST_MATH = YES;
				ONLY_ACTIVE_ARCH = YES;
				SDKROOT = iphoneos;
				SWIFT_ACTIVE_COMPILATION_CONDITIONS = DEBUG;
				SWIFT_OPTIMIZATION_LEVEL = "-Onone";
			};
			name = Debug;
		};
		F080A8182A93F938001050F8 /* Release */ = {
			isa = XCBuildConfiguration;
			buildSettings = {
				ALWAYS_SEARCH_USER_PATHS = NO;
				CLANG_ANALYZER_NONNULL = YES;
				CLANG_ANALYZER_NUMBER_OBJECT_CONVERSION = YES_AGGRESSIVE;
				CLANG_CXX_LANGUAGE_STANDARD = "gnu++20";
				CLANG_ENABLE_MODULES = YES;
				CLANG_ENABLE_OBJC_ARC = YES;
				CLANG_ENABLE_OBJC_WEAK = YES;
				CLANG_WARN_BLOCK_CAPTURE_AUTORELEASING = YES;
				CLANG_WARN_BOOL_CONVERSION = YES;
				CLANG_WARN_COMMA = YES;
				CLANG_WARN_CONSTANT_CONVERSION = YES;
				CLANG_WARN_DEPRECATED_OBJC_IMPLEMENTATIONS = YES;
				CLANG_WARN_DIRECT_OBJC_ISA_USAGE = YES_ERROR;
				CLANG_WARN_DOCUMENTATION_COMMENTS = YES;
				CLANG_WARN_EMPTY_BODY = YES;
				CLANG_WARN_ENUM_CONVERSION = YES;
				CLANG_WARN_INFINITE_RECURSION = YES;
				CLANG_WARN_INT_CONVERSION = YES;
				CLANG_WARN_NON_LITERAL_NULL_CONVERSION = YES;
				CLANG_WARN_OBJC_IMPLICIT_RETAIN_SELF = YES;
				CLANG_WARN_OBJC_LITERAL_CONVERSION = YES;
				CLANG_WARN_OBJC_ROOT_CLASS = YES_ERROR;
				CLANG_WARN_QUOTED_INCLUDE_IN_FRAMEWORK_HEADER = YES;
				CLANG_WARN_RANGE_LOOP_ANALYSIS = YES;
				CLANG_WARN_STRICT_PROTOTYPES = YES;
				CLANG_WARN_SUSPICIOUS_MOVE = YES;
				CLANG_WARN_UNGUARDED_AVAILABILITY = YES_AGGRESSIVE;
				CLANG_WARN_UNREACHABLE_CODE = YES;
				CLANG_WARN__DUPLICATE_METHOD_MATCH = YES;
				COPY_PHASE_STRIP = NO;
				DEBUG_INFORMATION_FORMAT = "dwarf-with-dsym";
				ENABLE_NS_ASSERTIONS = NO;
				ENABLE_STRICT_OBJC_MSGSEND = YES;
				GCC_C_LANGUAGE_STANDARD = gnu11;
				GCC_NO_COMMON_BLOCKS = YES;
				GCC_WARN_64_TO_32_BIT_CONVERSION = YES;
				GCC_WARN_ABOUT_RETURN_TYPE = YES_ERROR;
				GCC_WARN_UNDECLARED_SELECTOR = YES;
				GCC_WARN_UNINITIALIZED_AUTOS = YES_AGGRESSIVE;
				GCC_WARN_UNUSED_FUNCTION = YES;
				GCC_WARN_UNUSED_VARIABLE = YES;
				IPHONEOS_DEPLOYMENT_TARGET = 16.4;
				MTL_ENABLE_DEBUG_INFO = NO;
				MTL_FAST_MATH = YES;
				SDKROOT = iphoneos;
				SWIFT_COMPILATION_MODE = wholemodule;
				SWIFT_OPTIMIZATION_LEVEL = "-O";
				VALIDATE_PRODUCT = YES;
			};
			name = Release;
		};
		F080A81A2A93F938001050F8 /* Debug */ = {
			isa = XCBuildConfiguration;
			buildSettings = {
				ASSETCATALOG_COMPILER_APPICON_NAME = AppIcon;
				ASSETCATALOG_COMPILER_GLOBAL_ACCENT_COLOR_NAME = AccentColor;
				CODE_SIGN_STYLE = Automatic;
				CURRENT_PROJECT_VERSION = 1;
				DEVELOPMENT_ASSET_PATHS = "\"TestProject1221Systems/Preview Content\"";
				DEVELOPMENT_TEAM = VU3BWF346L;
				ENABLE_PREVIEWS = YES;
				GENERATE_INFOPLIST_FILE = YES;
				INFOPLIST_KEY_UIApplicationSceneManifest_Generation = YES;
				INFOPLIST_KEY_UIApplicationSupportsIndirectInputEvents = YES;
				INFOPLIST_KEY_UILaunchScreen_Generation = YES;
				INFOPLIST_KEY_UISupportedInterfaceOrientations_iPad = "UIInterfaceOrientationPortrait UIInterfaceOrientationPortraitUpsideDown UIInterfaceOrientationLandscapeLeft UIInterfaceOrientationLandscapeRight";
				INFOPLIST_KEY_UISupportedInterfaceOrientations_iPhone = "UIInterfaceOrientationPortrait UIInterfaceOrientationLandscapeLeft UIInterfaceOrientationLandscapeRight";
				LD_RUNPATH_SEARCH_PATHS = (
					"$(inherited)",
					"@executable_path/Frameworks",
				);
				MARKETING_VERSION = 1.0;
				PRODUCT_BUNDLE_IDENTIFIER = com.ismagulov.TestProject1221Systems;
				PRODUCT_NAME = "$(TARGET_NAME)";
				SWIFT_EMIT_LOC_STRINGS = YES;
				SWIFT_VERSION = 5.0;
				TARGETED_DEVICE_FAMILY = "1,2";
			};
			name = Debug;
		};
		F080A81B2A93F938001050F8 /* Release */ = {
			isa = XCBuildConfiguration;
			buildSettings = {
				ASSETCATALOG_COMPILER_APPICON_NAME = AppIcon;
				ASSETCATALOG_COMPILER_GLOBAL_ACCENT_COLOR_NAME = AccentColor;
				CODE_SIGN_STYLE = Automatic;
				CURRENT_PROJECT_VERSION = 1;
				DEVELOPMENT_ASSET_PATHS = "\"TestProject1221Systems/Preview Content\"";
				DEVELOPMENT_TEAM = VU3BWF346L;
				ENABLE_PREVIEWS = YES;
				GENERATE_INFOPLIST_FILE = YES;
				INFOPLIST_KEY_UIApplicationSceneManifest_Generation = YES;
				INFOPLIST_KEY_UIApplicationSupportsIndirectInputEvents = YES;
				INFOPLIST_KEY_UILaunchScreen_Generation = YES;
				INFOPLIST_KEY_UISupportedInterfaceOrientations_iPad = "UIInterfaceOrientationPortrait UIInterfaceOrientationPortraitUpsideDown UIInterfaceOrientationLandscapeLeft UIInterfaceOrientationLandscapeRight";
				INFOPLIST_KEY_UISupportedInterfaceOrientations_iPhone = "UIInterfaceOrientationPortrait UIInterfaceOrientationLandscapeLeft UIInterfaceOrientationLandscapeRight";
				LD_RUNPATH_SEARCH_PATHS = (
					"$(inherited)",
					"@executable_path/Frameworks",
				);
				MARKETING_VERSION = 1.0;
				PRODUCT_BUNDLE_IDENTIFIER = com.ismagulov.TestProject1221Systems;
				PRODUCT_NAME = "$(TARGET_NAME)";
				SWIFT_EMIT_LOC_STRINGS = YES;
				SWIFT_VERSION = 5.0;
				TARGETED_DEVICE_FAMILY = "1,2";
			};
			name = Release;
		};
/* End XCBuildConfiguration section */

/* Begin XCConfigurationList section */
		F080A8062A93F936001050F8 /* Build configuration list for PBXProject "TestProject1221Systems" */ = {
			isa = XCConfigurationList;
			buildConfigurations = (
				F080A8172A93F938001050F8 /* Debug */,
				F080A8182A93F938001050F8 /* Release */,
			);
			defaultConfigurationIsVisible = 0;
			defaultConfigurationName = Release;
		};
		F080A8192A93F938001050F8 /* Build configuration list for PBXNativeTarget "TestProject1221Systems" */ = {
			isa = XCConfigurationList;
			buildConfigurations = (
				F080A81A2A93F938001050F8 /* Debug */,
				F080A81B2A93F938001050F8 /* Release */,
			);
			defaultConfigurationIsVisible = 0;
			defaultConfigurationName = Release;
		};
/* End XCConfigurationList section */
	};
	rootObject = F080A8032A93F936001050F8 /* Project object */;
}
